
Microsoft Visual Studio Solution File, Format Version 12.00
# Visual Studio Version 17
VisualStudioVersion = 17.7.34202.233
MinimumVisualStudioVersion = 10.0.40219.1
Project("{9A19103F-16F7-4668-BE54-9A1E7A4F7556}") = "ConcertBooking.Entities", "ConcertBooking.Entities\ConcertBooking.Entities.csproj", "{4F1DF7E9-7A6E-4CBF-B5D5-B46C5B4B55F9}"
EndProject
Project("{9A19103F-16F7-4668-BE54-9A1E7A4F7556}") = "ConcertBooking.Repositories", "ConcertBooking.Repositories\ConcertBooking.Repositories.csproj", "{BC0E4AC4-6EC2-4AFA-8164-9D9FC52954E4}"
EndProject
Project("{9A19103F-16F7-4668-BE54-9A1E7A4F7556}") = "ConcertBooking.WebHost", "ConcertBooking.WebHost\ConcertBooking.WebHost.csproj", "{3C1B4ABB-F0D8-4161-A6ED-163FD59B8736}"
EndProject
Project("{FAE04EC0-301F-11D3-BF4B-00C04F79EFBC}") = "ConcertBooking.Infrastructure", "ConcertBooking.Infrastructure\ConcertBooking.Infrastructure.csproj", "{B4DBDDE2-2790-477A-8A63-327F8E3260BF}"
EndProject
Project("{2150E333-8FDC-42A3-9474-1A3956D46DE8}") = "Doc.Common", "Doc.Common", "{02EA681E-C7D8-13C7-8484-4AC65E1B71E8}"
EndProject
Project("{FAE04EC0-301F-11D3-BF4B-00C04F79EFBC}") = "ConcertBooking.Documents", "ConcertBooking.Documents\ConcertBooking.Documents.csproj", "{FC4F6EDF-ADC6-4EB0-8AF8-5A1783869E01}"
EndProject
Global
	GlobalSection(SolutionConfigurationPlatforms) = preSolution
		Debug|Any CPU = Debug|Any CPU
		Release|Any CPU = Release|Any CPU
	EndGlobalSection
	GlobalSection(ProjectConfigurationPlatforms) = postSolution
		{4F1DF7E9-7A6E-4CBF-B5D5-B46C5B4B55F9}.Debug|Any CPU.ActiveCfg = Debug|Any CPU
		{4F1DF7E9-7A6E-4CBF-B5D5-B46C5B4B55F9}.Debug|Any CPU.Build.0 = Debug|Any CPU
		{4F1DF7E9-7A6E-4CBF-B5D5-B46C5B4B55F9}.Release|Any CPU.ActiveCfg = Release|Any CPU
		{4F1DF7E9-7A6E-4CBF-B5D5-B46C5B4B55F9}.Release|Any CPU.Build.0 = Release|Any CPU
		{BC0E4AC4-6EC2-4AFA-8164-9D9FC52954E4}.Debug|Any CPU.ActiveCfg = Debug|Any CPU
		{BC0E4AC4-6EC2-4AFA-8164-9D9FC52954E4}.Debug|Any CPU.Build.0 = Debug|Any CPU
		{BC0E4AC4-6EC2-4AFA-8164-9D9FC52954E4}.Release|Any CPU.ActiveCfg = Release|Any CPU
		{BC0E4AC4-6EC2-4AFA-8164-9D9FC52954E4}.Release|Any CPU.Build.0 = Release|Any CPU
		{3C1B4ABB-F0D8-4161-A6ED-163FD59B8736}.Debug|Any CPU.ActiveCfg = Debug|Any CPU
		{3C1B4ABB-F0D8-4161-A6ED-163FD59B8736}.Debug|Any CPU.Build.0 = Debug|Any CPU
		{3C1B4ABB-F0D8-4161-A6ED-163FD59B8736}.Release|Any CPU.ActiveCfg = Release|Any CPU
		{3C1B4ABB-F0D8-4161-A6ED-163FD59B8736}.Release|Any CPU.Build.0 = Release|Any CPU
		{B4DBDDE2-2790-477A-8A63-327F8E3260BF}.Debug|Any CPU.ActiveCfg = Debug|Any CPU
		{B4DBDDE2-2790-477A-8A63-327F8E3260BF}.Debug|Any CPU.Build.0 = Debug|Any CPU
		{B4DBDDE2-2790-477A-8A63-327F8E3260BF}.Release|Any CPU.ActiveCfg = Release|Any CPU
		{B4DBDDE2-2790-477A-8A63-327F8E3260BF}.Release|Any CPU.Build.0 = Release|Any CPU
		{FC4F6EDF-ADC6-4EB0-8AF8-5A1783869E01}.Debug|Any CPU.ActiveCfg = Debug|Any CPU
		{FC4F6EDF-ADC6-4EB0-8AF8-5A1783869E01}.Debug|Any CPU.Build.0 = Debug|Any CPU
		{FC4F6EDF-ADC6-4EB0-8AF8-5A1783869E01}.Release|Any CPU.ActiveCfg = Release|Any CPU
		{FC4F6EDF-ADC6-4EB0-8AF8-5A1783869E01}.Release|Any CPU.Build.0 = Release|Any CPU
	EndGlobalSection
	GlobalSection(SolutionProperties) = preSolution
		HideSolutionNode = FALSE
	EndGlobalSection
	GlobalSection(NestedProjects) = preSolution
		{FC4F6EDF-ADC6-4EB0-8AF8-5A1783869E01} = {02EA681E-C7D8-13C7-8484-4AC65E1B71E8}
	EndGlobalSection
	GlobalSection(ExtensibilityGlobals) = postSolution
		SolutionGuid = {F3D48DE0-CF7C-454E-9801-05BE20134FA1}
	EndGlobalSection
EndGlobal
